
Microsoft Visual Studio Solution File, Format Version 12.00
# Visual Studio Version 17
VisualStudioVersion = 17.2.32526.322
MinimumVisualStudioVersion = 10.0.40219.1
Project("{9A19103F-16F7-4668-BE54-9A1E7A4F7556}") = "LegoSorterWeb", "LegoSorterWeb\LegoSorterWeb.csproj", "{2FC5A8B9-F669-4211-9E65-0E7FD47FF27B}"
EndProject
Global
	GlobalSection(SolutionConfigurationPlatforms) = preSolution
		Debug|Any CPU = Debug|Any CPU
		Release|Any CPU = Release|Any CPU
	EndGlobalSection
	GlobalSection(ProjectConfigurationPlatforms) = postSolution
		{2FC5A8B9-F669-4211-9E65-0E7FD47FF27B}.Debug|Any CPU.ActiveCfg = Debug|Any CPU
		{2FC5A8B9-F669-4211-9E65-0E7FD47FF27B}.Debug|Any CPU.Build.0 = Debug|Any CPU
		{2FC5A8B9-F669-4211-9E65-0E7FD47FF27B}.Release|Any CPU.ActiveCfg = Release|Any CPU
		{2FC5A8B9-F669-4211-9E65-0E7FD47FF27B}.Release|Any CPU.Build.0 = Release|Any CPU
	EndGlobalSection
	GlobalSection(SolutionProperties) = preSolution
		HideSolutionNode = FALSE
	EndGlobalSection
	GlobalSection(ExtensibilityGlobals) = postSolution
		SolutionGuid = {D509021E-96D5-4053-9228-9025BA5B15C2}
	EndGlobalSection
EndGlobal
